
Microsoft Visual Studio Solution File, Format Version 12.00
# Visual Studio Version 17
VisualStudioVersion = 17.5.33424.131
MinimumVisualStudioVersion = 10.0.40219.1
Project("{9A19103F-16F7-4668-BE54-9A1E7A4F7556}") = "California-ORM", "src\California-ORM\California-ORM.csproj", "{F81FC723-237B-4778-846B-8BA02ED86458}"
EndProject
Global
	GlobalSection(SolutionConfigurationPlatforms) = preSolution
		Debug|Any CPU = Debug|Any CPU
		Release|Any CPU = Release|Any CPU
	EndGlobalSection
	GlobalSection(ProjectConfigurationPlatforms) = postSolution
		{F81FC723-237B-4778-846B-8BA02ED86458}.Debug|Any CPU.ActiveCfg = Debug|Any CPU
		{F81FC723-237B-4778-846B-8BA02ED86458}.Debug|Any CPU.Build.0 = Debug|Any CPU
		{F81FC723-237B-4778-846B-8BA02ED86458}.Release|Any CPU.ActiveCfg = Release|Any CPU
		{F81FC723-237B-4778-846B-8BA02ED86458}.Release|Any CPU.Build.0 = Release|Any CPU
	EndGlobalSection
	GlobalSection(SolutionProperties) = preSolution
		HideSolutionNode = FALSE
	EndGlobalSection
	GlobalSection(ExtensibilityGlobals) = postSolution
		SolutionGuid = {A6036F84-BFE9-4716-A1D1-A8DA966574EF}
	EndGlobalSection
EndGlobal
